
Microsoft Visual Studio Solution File, Format Version 12.00
# Visual Studio Version 16
VisualStudioVersion = 16.0.29911.84
MinimumVisualStudioVersion = 10.0.40219.1
Project("{9A19103F-16F7-4668-BE54-9A1E7A4F7556}") = "TaxiP.Common", "TaxiP.Common\TaxiP.Common.csproj", "{79FA7481-8B7F-4AB3-9871-443A50B367AE}"
EndProject
Project("{FAE04EC0-301F-11D3-BF4B-00C04F79EFBC}") = "TaxiP.Web", "TaxiP.Web\TaxiP.Web.csproj", "{2D6A9AC4-B788-4982-BF8A-A6D468CDE947}"
EndProject
Project("{FAE04EC0-301F-11D3-BF4B-00C04F79EFBC}") = "TaxiP.Prism", "TaxiP.Prism\TaxiP.Prism\TaxiP.Prism.csproj", "{9941F070-CAA5-4D18-B697-7103C8EDE703}"
EndProject
Project("{FAE04EC0-301F-11D3-BF4B-00C04F79EFBC}") = "TaxiP.Prism.Android", "TaxiP.Prism\TaxiP.Prism.Android\TaxiP.Prism.Android.csproj", "{F358A797-E647-47C1-97CC-43D7B55CCA78}"
EndProject
Project("{FAE04EC0-301F-11D3-BF4B-00C04F79EFBC}") = "TaxiP.Prism.iOS", "TaxiP.Prism\TaxiP.Prism.iOS\TaxiP.Prism.iOS.csproj", "{F7457B3E-5C64-40A2-9E79-D72D8BFC1737}"
EndProject
Global
	GlobalSection(SolutionConfigurationPlatforms) = preSolution
		Ad-Hoc|Any CPU = Ad-Hoc|Any CPU
		Ad-Hoc|iPhone = Ad-Hoc|iPhone
		Ad-Hoc|iPhoneSimulator = Ad-Hoc|iPhoneSimulator
		AppStore|Any CPU = AppStore|Any CPU
		AppStore|iPhone = AppStore|iPhone
		AppStore|iPhoneSimulator = AppStore|iPhoneSimulator
		Debug|Any CPU = Debug|Any CPU
		Debug|iPhone = Debug|iPhone
		Debug|iPhoneSimulator = Debug|iPhoneSimulator
		Release|Any CPU = Release|Any CPU
		Release|iPhone = Release|iPhone
		Release|iPhoneSimulator = Release|iPhoneSimulator
	EndGlobalSection
	GlobalSection(ProjectConfigurationPlatforms) = postSolution
		{79FA7481-8B7F-4AB3-9871-443A50B367AE}.Ad-Hoc|Any CPU.ActiveCfg = Release|Any CPU
		{79FA7481-8B7F-4AB3-9871-443A50B367AE}.Ad-Hoc|Any CPU.Build.0 = Release|Any CPU
		{79FA7481-8B7F-4AB3-9871-443A50B367AE}.Ad-Hoc|iPhone.ActiveCfg = Release|Any CPU
		{79FA7481-8B7F-4AB3-9871-443A50B367AE}.Ad-Hoc|iPhone.Build.0 = Release|Any CPU
		{79FA7481-8B7F-4AB3-9871-443A50B367AE}.Ad-Hoc|iPhoneSimulator.ActiveCfg = Release|Any CPU
		{79FA7481-8B7F-4AB3-9871-443A50B367AE}.Ad-Hoc|iPhoneSimulator.Build.0 = Release|Any CPU
		{79FA7481-8B7F-4AB3-9871-443A50B367AE}.AppStore|Any CPU.ActiveCfg = Release|Any CPU
		{79FA7481-8B7F-4AB3-9871-443A50B367AE}.AppStore|Any CPU.Build.0 = Release|Any CPU
		{79FA7481-8B7F-4AB3-9871-443A50B367AE}.AppStore|iPhone.ActiveCfg = Release|Any CPU
		{79FA7481-8B7F-4AB3-9871-443A50B367AE}.AppStore|iPhone.Build.0 = Release|Any CPU
		{79FA7481-8B7F-4AB3-9871-443A50B367AE}.AppStore|iPhoneSimulator.ActiveCfg = Release|Any CPU
		{79FA7481-8B7F-4AB3-9871-443A50B367AE}.AppStore|iPhoneSimulator.Build.0 = Release|Any CPU
		{79FA7481-8B7F-4AB3-9871-443A50B367AE}.Debug|Any CPU.ActiveCfg = Debug|Any CPU
		{79FA7481-8B7F-4AB3-9871-443A50B367AE}.Debug|Any CPU.Build.0 = Debug|Any CPU
		{79FA7481-8B7F-4AB3-9871-443A50B367AE}.Debug|iPhone.ActiveCfg = Debug|Any CPU
		{79FA7481-8B7F-4AB3-9871-443A50B367AE}.Debug|iPhone.Build.0 = Debug|Any CPU
		{79FA7481-8B7F-4AB3-9871-443A50B367AE}.Debug|iPhoneSimulator.ActiveCfg = Debug|Any CPU
		{79FA7481-8B7F-4AB3-9871-443A50B367AE}.Debug|iPhoneSimulator.Build.0 = Debug|Any CPU
		{79FA7481-8B7F-4AB3-9871-443A50B367AE}.Release|Any CPU.ActiveCfg = Release|Any CPU
		{79FA7481-8B7F-4AB3-9871-443A50B367AE}.Release|Any CPU.Build.0 = Release|Any CPU
		{79FA7481-8B7F-4AB3-9871-443A50B367AE}.Release|iPhone.ActiveCfg = Release|Any CPU
		{79FA7481-8B7F-4AB3-9871-443A50B367AE}.Release|iPhone.Build.0 = Release|Any CPU
		{79FA7481-8B7F-4AB3-9871-443A50B367AE}.Release|iPhoneSimulator.ActiveCfg = Release|Any CPU
		{79FA7481-8B7F-4AB3-9871-443A50B367AE}.Release|iPhoneSimulator.Build.0 = Release|Any CPU
		{2D6A9AC4-B788-4982-BF8A-A6D468CDE947}.Ad-Hoc|Any CPU.ActiveCfg = Debug|Any CPU
		{2D6A9AC4-B788-4982-BF8A-A6D468CDE947}.Ad-Hoc|Any CPU.Build.0 = Debug|Any CPU
		{2D6A9AC4-B788-4982-BF8A-A6D468CDE947}.Ad-Hoc|iPhone.ActiveCfg = Debug|Any CPU
		{2D6A9AC4-B788-4982-BF8A-A6D468CDE947}.Ad-Hoc|iPhone.Build.0 = Debug|Any CPU
		{2D6A9AC4-B788-4982-BF8A-A6D468CDE947}.Ad-Hoc|iPhoneSimulator.ActiveCfg = Debug|Any CPU
		{2D6A9AC4-B788-4982-BF8A-A6D468CDE947}.Ad-Hoc|iPhoneSimulator.Build.0 = Debug|Any CPU
		{2D6A9AC4-B788-4982-BF8A-A6D468CDE947}.AppStore|Any CPU.ActiveCfg = Debug|Any CPU
		{2D6A9AC4-B788-4982-BF8A-A6D468CDE947}.AppStore|Any CPU.Build.0 = Debug|Any CPU
		{2D6A9AC4-B788-4982-BF8A-A6D468CDE947}.AppStore|iPhone.ActiveCfg = Debug|Any CPU
		{2D6A9AC4-B788-4982-BF8A-A6D468CDE947}.AppStore|iPhone.Build.0 = Debug|Any CPU
		{2D6A9AC4-B788-4982-BF8A-A6D468CDE947}.AppStore|iPhoneSimulator.ActiveCfg = Debug|Any CPU
		{2D6A9AC4-B788-4982-BF8A-A6D468CDE947}.AppStore|iPhoneSimulator.Build.0 = Debug|Any CPU
		{2D6A9AC4-B788-4982-BF8A-A6D468CDE947}.Debug|Any CPU.ActiveCfg = Debug|Any CPU
		{2D6A9AC4-B788-4982-BF8A-A6D468CDE947}.Debug|Any CPU.Build.0 = Debug|Any CPU
		{2D6A9AC4-B788-4982-BF8A-A6D468CDE947}.Debug|iPhone.ActiveCfg = Debug|Any CPU
		{2D6A9AC4-B788-4982-BF8A-A6D468CDE947}.Debug|iPhone.Build.0 = Debug|Any CPU
		{2D6A9AC4-B788-4982-BF8A-A6D468CDE947}.Debug|iPhoneSimulator.ActiveCfg = Debug|Any CPU
		{2D6A9AC4-B788-4982-BF8A-A6D468CDE947}.Debug|iPhoneSimulator.Build.0 = Debug|Any CPU
		{2D6A9AC4-B788-4982-BF8A-A6D468CDE947}.Release|Any CPU.ActiveCfg = Release|Any CPU
		{2D6A9AC4-B788-4982-BF8A-A6D468CDE947}.Release|Any CPU.Build.0 = Release|Any CPU
		{2D6A9AC4-B788-4982-BF8A-A6D468CDE947}.Release|iPhone.ActiveCfg = Release|Any CPU
		{2D6A9AC4-B788-4982-BF8A-A6D468CDE947}.Release|iPhone.Build.0 = Release|Any CPU
		{2D6A9AC4-B788-4982-BF8A-A6D468CDE947}.Release|iPhoneSimulator.ActiveCfg = Release|Any CPU
		{2D6A9AC4-B788-4982-BF8A-A6D468CDE947}.Release|iPhoneSimulator.Build.0 = Release|Any CPU
		{9941F070-CAA5-4D18-B697-7103C8EDE703}.Ad-Hoc|Any CPU.ActiveCfg = Debug|Any CPU
		{9941F070-CAA5-4D18-B697-7103C8EDE703}.Ad-Hoc|Any CPU.Build.0 = Debug|Any CPU
		{9941F070-CAA5-4D18-B697-7103C8EDE703}.Ad-Hoc|iPhone.ActiveCfg = Debug|Any CPU
		{9941F070-CAA5-4D18-B697-7103C8EDE703}.Ad-Hoc|iPhone.Build.0 = Debug|Any CPU
		{9941F070-CAA5-4D18-B697-7103C8EDE703}.Ad-Hoc|iPhoneSimulator.ActiveCfg = Debug|Any CPU
		{9941F070-CAA5-4D18-B697-7103C8EDE703}.Ad-Hoc|iPhoneSimulator.Build.0 = Debug|Any CPU
		{9941F070-CAA5-4D18-B697-7103C8EDE703}.AppStore|Any CPU.ActiveCfg = Debug|Any CPU
		{9941F070-CAA5-4D18-B697-7103C8EDE703}.AppStore|Any CPU.Build.0 = Debug|Any CPU
		{9941F070-CAA5-4D18-B697-7103C8EDE703}.AppStore|iPhone.ActiveCfg = Debug|Any CPU
		{9941F070-CAA5-4D18-B697-7103C8EDE703}.AppStore|iPhone.Build.0 = Debug|Any CPU
		{9941F070-CAA5-4D18-B697-7103C8EDE703}.AppStore|iPhoneSimulator.ActiveCfg = Debug|Any CPU
		{9941F070-CAA5-4D18-B697-7103C8EDE703}.AppStore|iPhoneSimulator.Build.0 = Debug|Any CPU
		{9941F070-CAA5-4D18-B697-7103C8EDE703}.Debug|Any CPU.ActiveCfg = Debug|Any CPU
		{9941F070-CAA5-4D18-B697-7103C8EDE703}.Debug|Any CPU.Build.0 = Debug|Any CPU
		{9941F070-CAA5-4D18-B697-7103C8EDE703}.Debug|iPhone.ActiveCfg = Debug|Any CPU
		{9941F070-CAA5-4D18-B697-7103C8EDE703}.Debug|iPhone.Build.0 = Debug|Any CPU
		{9941F070-CAA5-4D18-B697-7103C8EDE703}.Debug|iPhoneSimulator.ActiveCfg = Debug|Any CPU
		{9941F070-CAA5-4D18-B697-7103C8EDE703}.Debug|iPhoneSimulator.Build.0 = Debug|Any CPU
		{9941F070-CAA5-4D18-B697-7103C8EDE703}.Release|Any CPU.ActiveCfg = Release|Any CPU
		{9941F070-CAA5-4D18-B697-7103C8EDE703}.Release|Any CPU.Build.0 = Release|Any CPU
		{9941F070-CAA5-4D18-B697-7103C8EDE703}.Release|iPhone.ActiveCfg = Release|Any CPU
		{9941F070-CAA5-4D18-B697-7103C8EDE703}.Release|iPhone.Build.0 = Release|Any CPU
		{9941F070-CAA5-4D18-B697-7103C8EDE703}.Release|iPhoneSimulator.ActiveCfg = Release|Any CPU
		{9941F070-CAA5-4D18-B697-7103C8EDE703}.Release|iPhoneSimulator.Build.0 = Release|Any CPU
		{F358A797-E647-47C1-97CC-43D7B55CCA78}.Ad-Hoc|Any CPU.ActiveCfg = Release|Any CPU
		{F358A797-E647-47C1-97CC-43D7B55CCA78}.Ad-Hoc|Any CPU.Build.0 = Release|Any CPU
		{F358A797-E647-47C1-97CC-43D7B55CCA78}.Ad-Hoc|Any CPU.Deploy.0 = Release|Any CPU
		{F358A797-E647-47C1-97CC-43D7B55CCA78}.Ad-Hoc|iPhone.ActiveCfg = Release|Any CPU
		{F358A797-E647-47C1-97CC-43D7B55CCA78}.Ad-Hoc|iPhone.Build.0 = Release|Any CPU
		{F358A797-E647-47C1-97CC-43D7B55CCA78}.Ad-Hoc|iPhone.Deploy.0 = Release|Any CPU
		{F358A797-E647-47C1-97CC-43D7B55CCA78}.Ad-Hoc|iPhoneSimulator.ActiveCfg = Release|Any CPU
		{F358A797-E647-47C1-97CC-43D7B55CCA78}.Ad-Hoc|iPhoneSimulator.Build.0 = Release|Any CPU
		{F358A797-E647-47C1-97CC-43D7B55CCA78}.Ad-Hoc|iPhoneSimulator.Deploy.0 = Release|Any CPU
		{F358A797-E647-47C1-97CC-43D7B55CCA78}.AppStore|Any CPU.ActiveCfg = Release|Any CPU
		{F358A797-E647-47C1-97CC-43D7B55CCA78}.AppStore|Any CPU.Build.0 = Release|Any CPU
		{F358A797-E647-47C1-97CC-43D7B55CCA78}.AppStore|Any CPU.Deploy.0 = Release|Any CPU
		{F358A797-E647-47C1-97CC-43D7B55CCA78}.AppStore|iPhone.ActiveCfg = Release|Any CPU
		{F358A797-E647-47C1-97CC-43D7B55CCA78}.AppStore|iPhone.Build.0 = Release|Any CPU
		{F358A797-E647-47C1-97CC-43D7B55CCA78}.AppStore|iPhone.Deploy.0 = Release|Any CPU
		{F358A797-E647-47C1-97CC-43D7B55CCA78}.AppStore|iPhoneSimulator.ActiveCfg = Release|Any CPU
		{F358A797-E647-47C1-97CC-43D7B55CCA78}.AppStore|iPhoneSimulator.Build.0 = Release|Any CPU
		{F358A797-E647-47C1-97CC-43D7B55CCA78}.AppStore|iPhoneSimulator.Deploy.0 = Release|Any CPU
		{F358A797-E647-47C1-97CC-43D7B55CCA78}.Debug|Any CPU.ActiveCfg = Debug|Any CPU
		{F358A797-E647-47C1-97CC-43D7B55CCA78}.Debug|Any CPU.Build.0 = Debug|Any CPU
		{F358A797-E647-47C1-97CC-43D7B55CCA78}.Debug|Any CPU.Deploy.0 = Debug|Any CPU
		{F358A797-E647-47C1-97CC-43D7B55CCA78}.Debug|iPhone.ActiveCfg = Debug|Any CPU
		{F358A797-E647-47C1-97CC-43D7B55CCA78}.Debug|iPhone.Build.0 = Debug|Any CPU
		{F358A797-E647-47C1-97CC-43D7B55CCA78}.Debug|iPhone.Deploy.0 = Debug|Any CPU
		{F358A797-E647-47C1-97CC-43D7B55CCA78}.Debug|iPhoneSimulator.ActiveCfg = Debug|Any CPU
		{F358A797-E647-47C1-97CC-43D7B55CCA78}.Debug|iPhoneSimulator.Build.0 = Debug|Any CPU
		{F358A797-E647-47C1-97CC-43D7B55CCA78}.Debug|iPhoneSimulator.Deploy.0 = Debug|Any CPU
		{F358A797-E647-47C1-97CC-43D7B55CCA78}.Release|Any CPU.ActiveCfg = Release|Any CPU
		{F358A797-E647-47C1-97CC-43D7B55CCA78}.Release|Any CPU.Build.0 = Release|Any CPU
		{F358A797-E647-47C1-97CC-43D7B55CCA78}.Release|Any CPU.Deploy.0 = Release|Any CPU
		{F358A797-E647-47C1-97CC-43D7B55CCA78}.Release|iPhone.ActiveCfg = Release|Any CPU
		{F358A797-E647-47C1-97CC-43D7B55CCA78}.Release|iPhone.Build.0 = Release|Any CPU
		{F358A797-E647-47C1-97CC-43D7B55CCA78}.Release|iPhone.Deploy.0 = Release|Any CPU
		{F358A797-E647-47C1-97CC-43D7B55CCA78}.Release|iPhoneSimulator.ActiveCfg = Release|Any CPU
		{F358A797-E647-47C1-97CC-43D7B55CCA78}.Release|iPhoneSimulator.Build.0 = Release|Any CPU
		{F358A797-E647-47C1-97CC-43D7B55CCA78}.Release|iPhoneSimulator.Deploy.0 = Release|Any CPU
		{F7457B3E-5C64-40A2-9E79-D72D8BFC1737}.Ad-Hoc|Any CPU.ActiveCfg = Ad-Hoc|iPhone
		{F7457B3E-5C64-40A2-9E79-D72D8BFC1737}.Ad-Hoc|iPhone.ActiveCfg = Ad-Hoc|iPhone
		{F7457B3E-5C64-40A2-9E79-D72D8BFC1737}.Ad-Hoc|iPhone.Build.0 = Ad-Hoc|iPhone
		{F7457B3E-5C64-40A2-9E79-D72D8BFC1737}.Ad-Hoc|iPhoneSimulator.ActiveCfg = Ad-Hoc|iPhoneSimulator
		{F7457B3E-5C64-40A2-9E79-D72D8BFC1737}.Ad-Hoc|iPhoneSimulator.Build.0 = Ad-Hoc|iPhoneSimulator
		{F7457B3E-5C64-40A2-9E79-D72D8BFC1737}.AppStore|Any CPU.ActiveCfg = AppStore|iPhone
		{F7457B3E-5C64-40A2-9E79-D72D8BFC1737}.AppStore|iPhone.ActiveCfg = AppStore|iPhone
		{F7457B3E-5C64-40A2-9E79-D72D8BFC1737}.AppStore|iPhone.Build.0 = AppStore|iPhone
		{F7457B3E-5C64-40A2-9E79-D72D8BFC1737}.AppStore|iPhoneSimulator.ActiveCfg = AppStore|iPhoneSimulator
		{F7457B3E-5C64-40A2-9E79-D72D8BFC1737}.AppStore|iPhoneSimulator.Build.0 = AppStore|iPhoneSimulator
		{F7457B3E-5C64-40A2-9E79-D72D8BFC1737}.Debug|Any CPU.ActiveCfg = Debug|iPhone
		{F7457B3E-5C64-40A2-9E79-D72D8BFC1737}.Debug|iPhone.ActiveCfg = Debug|iPhone
		{F7457B3E-5C64-40A2-9E79-D72D8BFC1737}.Debug|iPhone.Build.0 = Debug|iPhone
		{F7457B3E-5C64-40A2-9E79-D72D8BFC1737}.Debug|iPhoneSimulator.ActiveCfg = Debug|iPhoneSimulator
		{F7457B3E-5C64-40A2-9E79-D72D8BFC1737}.Debug|iPhoneSimulator.Build.0 = Debug|iPhoneSimulator
		{F7457B3E-5C64-40A2-9E79-D72D8BFC1737}.Release|Any CPU.ActiveCfg = Release|iPhone
		{F7457B3E-5C64-40A2-9E79-D72D8BFC1737}.Release|iPhone.ActiveCfg = Release|iPhone
		{F7457B3E-5C64-40A2-9E79-D72D8BFC1737}.Release|iPhone.Build.0 = Release|iPhone
		{F7457B3E-5C64-40A2-9E79-D72D8BFC1737}.Release|iPhoneSimulator.ActiveCfg = Release|iPhoneSimulator
		{F7457B3E-5C64-40A2-9E79-D72D8BFC1737}.Release|iPhoneSimulator.Build.0 = Release|iPhoneSimulator
	EndGlobalSection
	GlobalSection(SolutionProperties) = preSolution
		HideSolutionNode = FALSE
	EndGlobalSection
	GlobalSection(ExtensibilityGlobals) = postSolution
		SolutionGuid = {AD5CB3DA-3349-4E5A-97F2-20ABC1834E33}
	EndGlobalSection
EndGlobal
